<?xml version="1.0" encoding="UTF-8"?>
<CONFIG>
  <ProjectOptions>
    <Version Value="12"/>
    <PathDelim Value="\"/>
    <General>
      <Flags>
        <MainUnitHasCreateFormStatements Value="False"/>
        <MainUnitHasTitleStatement Value="False"/>
        <MainUnitHasScaledStatement Value="False"/>
      </Flags>
      <Title Value="PHP Packager Launcher"/>
      <ResourceType Value="res"/>
      <UseXPManifest Value="True"/>
    </General>
    <BuildModes Active="Default">
      <Item Name="Default" Default="True"/>
    </BuildModes>
    <PublishOptions>
      <Version Value="2"/>
    </PublishOptions>
    <RunParams>
      <FormatVersion Value="2"/>
    </RunParams>
    <Units>
      <Unit>
        <Filename Value="launcher.lpr"/>
        <IsPartOfProject Value="True"/>
        <TopLine Value="4"/>
        <UsageCount Value="24"/>
        <Loaded Value="True"/>
      </Unit>
      <Unit>
        <Filename Value="..\shared\src\uSHA256.pas"/>
        <IsPartOfProject Value="True"/>
        <EditorIndex Value="2"/>
        <CursorPos X="22" Y="9"/>
        <UsageCount Value="24"/>
        <Loaded Value="True"/>
      </Unit>
      <Unit>
        <Filename Value="src\uBootstrapEmbedded.pas"/>
        <IsPartOfProject Value="True"/>
        <EditorIndex Value="-1"/>
        <WindowIndex Value="-1"/>
        <TopLine Value="-1"/>
        <CursorPos X="-1" Y="-1"/>
        <UsageCount Value="24"/>
      </Unit>
      <Unit>
        <Filename Value="src\uEmbeddedExtractor.pas"/>
        <IsPartOfProject Value="True"/>
        <EditorIndex Value="3"/>
        <TopLine Value="62"/>
        <CursorPos X="36" Y="70"/>
        <UsageCount Value="24"/>
        <Loaded Value="True"/>
      </Unit>
      <Unit>
        <Filename Value="src\uLauncherConfig.pas"/>
        <IsPartOfProject Value="True"/>
        <EditorIndex Value="-1"/>
        <WindowIndex Value="-1"/>
        <TopLine Value="-1"/>
        <CursorPos X="-1" Y="-1"/>
        <UsageCount Value="24"/>
      </Unit>
      <Unit>
        <Filename Value="..\shared\src\uEmbedFooter.pas"/>
        <IsPartOfProject Value="True"/>
        <EditorIndex Value="-1"/>
        <WindowIndex Value="-1"/>
        <TopLine Value="-1"/>
        <CursorPos X="-1" Y="-1"/>
        <UsageCount Value="24"/>
      </Unit>
      <Unit>
        <Filename Value="..\shared\src\uHex.pas"/>
        <IsPartOfProject Value="True"/>
        <EditorIndex Value="-1"/>
        <WindowIndex Value="-1"/>
        <TopLine Value="-1"/>
        <CursorPos X="-1" Y="-1"/>
        <UsageCount Value="24"/>
      </Unit>
      <Unit>
        <Filename Value="..\shared\src\uLogger.pas"/>
        <IsPartOfProject Value="True"/>
        <EditorIndex Value="-1"/>
        <WindowIndex Value="-1"/>
        <TopLine Value="-1"/>
        <CursorPos X="-1" Y="-1"/>
        <UsageCount Value="24"/>
      </Unit>
      <Unit>
        <Filename Value="src\uRuntimeBootstrap.pas"/>
        <IsVisibleTab Value="True"/>
        <EditorIndex Value="1"/>
        <TopLine Value="248"/>
        <CursorPos X="8" Y="259"/>
        <UsageCount Value="10"/>
        <Loaded Value="True"/>
      </Unit>
    </Units>
    <JumpHistory HistoryIndex="3">
      <Position>
        <Filename Value="..\shared\src\uSHA256.pas"/>
        <Caret Line="9" Column="22"/>
      </Position>
      <Position>
        <Filename Value="launcher.lpr"/>
        <Caret TopLine="4"/>
      </Position>
      <Position>
        <Filename Value="src\uRuntimeBootstrap.pas"/>
        <Caret Line="190" Column="17" TopLine="176"/>
      </Position>
      <Position>
        <Filename Value="src\uRuntimeBootstrap.pas"/>
        <Caret Line="261" Column="9" TopLine="251"/>
      </Position>
    </JumpHistory>
  </ProjectOptions>
  <CompilerOptions>
    <Version Value="11"/>
    <Target>
      <Filename Value="../dist/launcher_stub.exe"/>
    </Target>
    <SearchPaths>
      <IncludeFiles Value="$(ProjOutDir)"/>
      <OtherUnitFiles Value="src;../shared/src"/>
      <UnitOutputDirectory Value="./"/>
    </SearchPaths>
    <Parsing>
      <SyntaxOptions>
        <UseAnsiStrings Value="False"/>
      </SyntaxOptions>
    </Parsing>
    <Linking>
      <Debugging>
        <DebugInfoType Value="dsDwarf3"/>
      </Debugging>
    </Linking>
  </CompilerOptions>
</CONFIG>
